// !$*UTF8*$!
{
	archiveVersion = 1;
	classes = {
	};
	objectVersion = 55;
	objects = {

/* Begin PBXBuildFile section */
		B8052C8A27A2BFCD00585130 /* AppDelegate.swift in Sources */ = {isa = PBXBuildFile; fileRef = B8052C8927A2BFCD00585130 /* AppDelegate.swift */; };
		B8052C8C27A2BFCD00585130 /* SceneDelegate.swift in Sources */ = {isa = PBXBuildFile; fileRef = B8052C8B27A2BFCD00585130 /* SceneDelegate.swift */; };
		B8052C8E27A2BFCD00585130 /* ViewController.swift in Sources */ = {isa = PBXBuildFile; fileRef = B8052C8D27A2BFCD00585130 /* ViewController.swift */; };
		B8052C9327A2BFCF00585130 /* Assets.xcassets in Resources */ = {isa = PBXBuildFile; fileRef = B8052C9227A2BFCF00585130 /* Assets.xcassets */; };
		B8052C9627A2BFCF00585130 /* LaunchScreen.storyboard in Resources */ = {isa = PBXBuildFile; fileRef = B8052C9427A2BFCF00585130 /* LaunchScreen.storyboard */; };
		B8052C9E27A2C6E800585130 /* ImageCell.swift in Sources */ = {isa = PBXBuildFile; fileRef = B8052C9D27A2C6E800585130 /* ImageCell.swift */; };
		B8052CA027A2C86000585130 /* WebImageView.swift in Sources */ = {isa = PBXBuildFile; fileRef = B8052C9F27A2C86000585130 /* WebImageView.swift */; };
		B8052CA227A2CB6700585130 /* Section.swift in Sources */ = {isa = PBXBuildFile; fileRef = B8052CA127A2CB6700585130 /* Section.swift */; };
		B8052CA427A2DAF600585130 /* NetworkManager.swift in Sources */ = {isa = PBXBuildFile; fileRef = B8052CA327A2DAF600585130 /* NetworkManager.swift */; };
		B8052CA627A42BE900585130 /* Model.swift in Sources */ = {isa = PBXBuildFile; fileRef = B8052CA527A42BE900585130 /* Model.swift */; };
		B8052CAD27A597B000585130 /* DetailViewController.swift.swift in Sources */ = {isa = PBXBuildFile; fileRef = B8052CAC27A597B000585130 /* DetailViewController.swift.swift */; };
		B8052CAF27A59A8300585130 /* Constants.swift in Sources */ = {isa = PBXBuildFile; fileRef = B8052CAE27A59A8300585130 /* Constants.swift */; };
/* End PBXBuildFile section */

/* Begin PBXFileReference section */
		B8052C8627A2BFCD00585130 /* ImageLoader_IS74.app */ = {isa = PBXFileReference; explicitFileType = wrapper.application; includeInIndex = 0; path = ImageLoader_IS74.app; sourceTree = BUILT_PRODUCTS_DIR; };
		B8052C8927A2BFCD00585130 /* AppDelegate.swift */ = {isa = PBXFileReference; lastKnownFileType = sourcecode.swift; path = AppDelegate.swift; sourceTree = "<group>"; };
		B8052C8B27A2BFCD00585130 /* SceneDelegate.swift */ = {isa = PBXFileReference; lastKnownFileType = sourcecode.swift; path = SceneDelegate.swift; sourceTree = "<group>"; };
		B8052C8D27A2BFCD00585130 /* ViewController.swift */ = {isa = PBXFileReference; lastKnownFileType = sourcecode.swift; path = ViewController.swift; sourceTree = "<group>"; };
		B8052C9227A2BFCF00585130 /* Assets.xcassets */ = {isa = PBXFileReference; lastKnownFileType = folder.assetcatalog; path = Assets.xcassets; sourceTree = "<group>"; };
		B8052C9527A2BFCF00585130 /* Base */ = {isa = PBXFileReference; lastKnownFileType = file.storyboard; name = Base; path = Base.lproj/LaunchScreen.storyboard; sourceTree = "<group>"; };
		B8052C9727A2BFCF00585130 /* Info.plist */ = {isa = PBXFileReference; lastKnownFileType = text.plist.xml; path = Info.plist; sourceTree = "<group>"; };
		B8052C9D27A2C6E800585130 /* ImageCell.swift */ = {isa = PBXFileReference; lastKnownFileType = sourcecode.swift; path = ImageCell.swift; sourceTree = "<group>"; };
		B8052C9F27A2C86000585130 /* WebImageView.swift */ = {isa = PBXFileReference; lastKnownFileType = sourcecode.swift; path = WebImageView.swift; sourceTree = "<group>"; };
		B8052CA127A2CB6700585130 /* Section.swift */ = {isa = PBXFileReference; lastKnownFileType = sourcecode.swift; path = Section.swift; sourceTree = "<group>"; };
		B8052CA327A2DAF600585130 /* NetworkManager.swift */ = {isa = PBXFileReference; lastKnownFileType = sourcecode.swift; path = NetworkManager.swift; sourceTree = "<group>"; };
		B8052CA527A42BE900585130 /* Model.swift */ = {isa = PBXFileReference; lastKnownFileType = sourcecode.swift; path = Model.swift; sourceTree = "<group>"; };
		B8052CAC27A597B000585130 /* DetailViewController.swift.swift */ = {isa = PBXFileReference; lastKnownFileType = sourcecode.swift; path = DetailViewController.swift.swift; sourceTree = "<group>"; };
		B8052CAE27A59A8300585130 /* Constants.swift */ = {isa = PBXFileReference; lastKnownFileType = sourcecode.swift; path = Constants.swift; sourceTree = "<group>"; };
/* End PBXFileReference section */

/* Begin PBXFrameworksBuildPhase section */
		B8052C8327A2BFCC00585130 /* Frameworks */ = {
			isa = PBXFrameworksBuildPhase;
			buildActionMask = 2147483647;
			files = (
			);
			runOnlyForDeploymentPostprocessing = 0;
		};
/* End PBXFrameworksBuildPhase section */

/* Begin PBXGroup section */
		B8052C7D27A2BFCC00585130 = {
			isa = PBXGroup;
			children = (
				B8052C8827A2BFCD00585130 /* ImageLoader_IS74 */,
				B8052C8727A2BFCD00585130 /* Products */,
			);
			sourceTree = "<group>";
		};
		B8052C8727A2BFCD00585130 /* Products */ = {
			isa = PBXGroup;
			children = (
				B8052C8627A2BFCD00585130 /* ImageLoader_IS74.app */,
			);
			name = Products;
			sourceTree = "<group>";
		};
		B8052C8827A2BFCD00585130 /* ImageLoader_IS74 */ = {
			isa = PBXGroup;
			children = (
				B8052C8927A2BFCD00585130 /* AppDelegate.swift */,
				B8052C8B27A2BFCD00585130 /* SceneDelegate.swift */,
				B8052CA727A596C900585130 /* Controller */,
				B8052CAA27A5975900585130 /* Model */,
				B8052CAB27A5976100585130 /* Manager */,
				B8052CA927A5974800585130 /* Helpers */,
				B8052C9227A2BFCF00585130 /* Assets.xcassets */,
				B8052C9427A2BFCF00585130 /* LaunchScreen.storyboard */,
				B8052C9727A2BFCF00585130 /* Info.plist */,
			);
			path = ImageLoader_IS74;
			sourceTree = "<group>";
		};
		B8052CA727A596C900585130 /* Controller */ = {
			isa = PBXGroup;
			children = (
				B8052C8D27A2BFCD00585130 /* ViewController.swift */,
				B8052CAC27A597B000585130 /* DetailViewController.swift.swift */,
				B8052CA827A5970900585130 /* Cell */,
			);
			path = Controller;
			sourceTree = "<group>";
		};
		B8052CA827A5970900585130 /* Cell */ = {
			isa = PBXGroup;
			children = (
				B8052C9D27A2C6E800585130 /* ImageCell.swift */,
			);
			path = Cell;
			sourceTree = "<group>";
		};
		B8052CA927A5974800585130 /* Helpers */ = {
			isa = PBXGroup;
			children = (
				B8052C9F27A2C86000585130 /* WebImageView.swift */,
				B8052CAE27A59A8300585130 /* Constants.swift */,
			);
			path = Helpers;
			sourceTree = "<group>";
		};
		B8052CAA27A5975900585130 /* Model */ = {
			isa = PBXGroup;
			children = (
				B8052CA527A42BE900585130 /* Model.swift */,
				B8052CA127A2CB6700585130 /* Section.swift */,
			);
			path = Model;
			sourceTree = "<group>";
		};
		B8052CAB27A5976100585130 /* Manager */ = {
			isa = PBXGroup;
			children = (
				B8052CA327A2DAF600585130 /* NetworkManager.swift */,
			);
			path = Manager;
			sourceTree = "<group>";
		};
/* End PBXGroup section */

/* Begin PBXNativeTarget section */
		B8052C8527A2BFCC00585130 /* ImageLoader_IS74 */ = {
			isa = PBXNativeTarget;
			buildConfigurationList = B8052C9A27A2BFCF00585130 /* Build configuration list for PBXNativeTarget "ImageLoader_IS74" */;
			buildPhases = (
				B8052C8227A2BFCC00585130 /* Sources */,
				B8052C8327A2BFCC00585130 /* Frameworks */,
				B8052C8427A2BFCC00585130 /* Resources */,
			);
			buildRules = (
			);
			dependencies = (
			);
			name = ImageLoader_IS74;
			productName = ImageLoader_IS74;
			productReference = B8052C8627A2BFCD00585130 /* ImageLoader_IS74.app */;
			productType = "com.apple.product-type.application";
		};
/* End PBXNativeTarget section */

/* Begin PBXProject section */
		B8052C7E27A2BFCC00585130 /* Project object */ = {
			isa = PBXProject;
			attributes = {
				BuildIndependentTargetsInParallel = 1;
				LastSwiftUpdateCheck = 1320;
				LastUpgradeCheck = 1320;
				TargetAttributes = {
					B8052C8527A2BFCC00585130 = {
						CreatedOnToolsVersion = 13.2.1;
					};
				};
			};
			buildConfigurationList = B8052C8127A2BFCC00585130 /* Build configuration list for PBXProject "ImageLoader_IS74" */;
			compatibilityVersion = "Xcode 13.0";
			developmentRegion = en;
			hasScannedForEncodings = 0;
			knownRegions = (
				en,
				Base,
			);
			mainGroup = B8052C7D27A2BFCC00585130;
			productRefGroup = B8052C8727A2BFCD00585130 /* Products */;
			projectDirPath = "";
			projectRoot = "";
			targets = (
				B8052C8527A2BFCC00585130 /* ImageLoader_IS74 */,
			);
		};
/* End PBXProject section */

/* Begin PBXResourcesBuildPhase section */
		B8052C8427A2BFCC00585130 /* Resources */ = {
			isa = PBXResourcesBuildPhase;
			buildActionMask = 2147483647;
			files = (
				B8052C9627A2BFCF00585130 /* LaunchScreen.storyboard in Resources */,
				B8052C9327A2BFCF00585130 /* Assets.xcassets in Resources */,
			);
			runOnlyForDeploymentPostprocessing = 0;
		};
/* End PBXResourcesBuildPhase section */

/* Begin PBXSourcesBuildPhase section */
		B8052C8227A2BFCC00585130 /* Sources */ = {
			isa = PBXSourcesBuildPhase;
			buildActionMask = 2147483647;
			files = (
				B8052C8E27A2BFCD00585130 /* ViewController.swift in Sources */,
				B8052C9E27A2C6E800585130 /* ImageCell.swift in Sources */,
				B8052C8A27A2BFCD00585130 /* AppDelegate.swift in Sources */,
				B8052CA227A2CB6700585130 /* Section.swift in Sources */,
				B8052CA027A2C86000585130 /* WebImageView.swift in Sources */,
				B8052CAF27A59A8300585130 /* Constants.swift in Sources */,
				B8052CA427A2DAF600585130 /* NetworkManager.swift in Sources */,
				B8052C8C27A2BFCD00585130 /* SceneDelegate.swift in Sources */,
				B8052CAD27A597B000585130 /* DetailViewController.swift.swift in Sources */,
				B8052CA627A42BE900585130 /* Model.swift in Sources */,
			);
			runOnlyForDeploymentPostprocessing = 0;
		};
/* End PBXSourcesBuildPhase section */

/* Begin PBXVariantGroup section */
		B8052C9427A2BFCF00585130 /* LaunchScreen.storyboard */ = {
			isa = PBXVariantGroup;
			children = (
				B8052C9527A2BFCF00585130 /* Base */,
			);
			name = LaunchScreen.storyboard;
			sourceTree = "<group>";
		};
/* End PBXVariantGroup section */

/* Begin XCBuildConfiguration section */
		B8052C9827A2BFCF00585130 /* Debug */ = {
			isa = XCBuildConfiguration;
			buildSettings = {
				ALWAYS_SEARCH_USER_PATHS = NO;
				CLANG_ANALYZER_NONNULL = YES;
				CLANG_ANALYZER_NUMBER_OBJECT_CONVERSION = YES_AGGRESSIVE;
				CLANG_CXX_LANGUAGE_STANDARD = "gnu++17";
				CLANG_CXX_LIBRARY = "libc++";
				CLANG_ENABLE_MODULES = YES;
				CLANG_ENABLE_OBJC_ARC = YES;
				CLANG_ENABLE_OBJC_WEAK = YES;
				CLANG_WARN_BLOCK_CAPTURE_AUTORELEASING = YES;
				CLANG_WARN_BOOL_CONVERSION = YES;
				CLANG_WARN_COMMA = YES;
				CLANG_WARN_CONSTANT_CONVERSION = YES;
				CLANG_WARN_DEPRECATED_OBJC_IMPLEMENTATIONS = YES;
				CLANG_WARN_DIRECT_OBJC_ISA_USAGE = YES_ERROR;
				CLANG_WARN_DOCUMENTATION_COMMENTS = YES;
				CLANG_WARN_EMPTY_BODY = YES;
				CLANG_WARN_ENUM_CONVERSION = YES;
				CLANG_WARN_INFINITE_RECURSION = YES;
				CLANG_WARN_INT_CONVERSION = YES;
				CLANG_WARN_NON_LITERAL_NULL_CONVERSION = YES;
				CLANG_WARN_OBJC_IMPLICIT_RETAIN_SELF = YES;
				CLANG_WARN_OBJC_LITERAL_CONVERSION = YES;
				CLANG_WARN_OBJC_ROOT_CLASS = YES_ERROR;
				CLANG_WARN_QUOTED_INCLUDE_IN_FRAMEWORK_HEADER = YES;
				CLANG_WARN_RANGE_LOOP_ANALYSIS = YES;
				CLANG_WARN_STRICT_PROTOTYPES = YES;
				CLANG_WARN_SUSPICIOUS_MOVE = YES;
				CLANG_WARN_UNGUARDED_AVAILABILITY = YES_AGGRESSIVE;
				CLANG_WARN_UNREACHABLE_CODE = YES;
				CLANG_WARN__DUPLICATE_METHOD_MATCH = YES;
				COPY_PHASE_STRIP = NO;
				DEBUG_INFORMATION_FORMAT = dwarf;
				ENABLE_STRICT_OBJC_MSGSEND = YES;
				ENABLE_TESTABILITY = YES;
				GCC_C_LANGUAGE_STANDARD = gnu11;
				GCC_DYNAMIC_NO_PIC = NO;
				GCC_NO_COMMON_BLOCKS = YES;
				GCC_OPTIMIZATION_LEVEL = 0;
				GCC_PREPROCESSOR_DEFINITIONS = (
					"DEBUG=1",
					"$(inherited)",
				);
				GCC_WARN_64_TO_32_BIT_CONVERSION = YES;
				GCC_WARN_ABOUT_RETURN_TYPE = YES_ERROR;
				GCC_WARN_UNDECLARED_SELECTOR = YES;
				GCC_WARN_UNINITIALIZED_AUTOS = YES_AGGRESSIVE;
				GCC_WARN_UNUSED_FUNCTION = YES;
				GCC_WARN_UNUSED_VARIABLE = YES;
				IPHONEOS_DEPLOYMENT_TARGET = 15.2;
				MTL_ENABLE_DEBUG_INFO = INCLUDE_SOURCE;
				MTL_FAST_MATH = YES;
				ONLY_ACTIVE_ARCH = YES;
				SDKROOT = iphoneos;
				SWIFT_ACTIVE_COMPILATION_CONDITIONS = DEBUG;
				SWIFT_OPTIMIZATION_LEVEL = "-Onone";
			};
			name = Debug;
		};
		B8052C9927A2BFCF00585130 /* Release */ = {
			isa = XCBuildConfiguration;
			buildSettings = {
				ALWAYS_SEARCH_USER_PATHS = NO;
				CLANG_ANALYZER_NONNULL = YES;
				CLANG_ANALYZER_NUMBER_OBJECT_CONVERSION = YES_AGGRESSIVE;
				CLANG_CXX_LANGUAGE_STANDARD = "gnu++17";
				CLANG_CXX_LIBRARY = "libc++";
				CLANG_ENABLE_MODULES = YES;
				CLANG_ENABLE_OBJC_ARC = YES;
				CLANG_ENABLE_OBJC_WEAK = YES;
				CLANG_WARN_BLOCK_CAPTURE_AUTORELEASING = YES;
				CLANG_WARN_BOOL_CONVERSION = YES;
				CLANG_WARN_COMMA = YES;
				CLANG_WARN_CONSTANT_CONVERSION = YES;
				CLANG_WARN_DEPRECATED_OBJC_IMPLEMENTATIONS = YES;
				CLANG_WARN_DIRECT_OBJC_ISA_USAGE = YES_ERROR;
				CLANG_WARN_DOCUMENTATION_COMMENTS = YES;
				CLANG_WARN_EMPTY_BODY = YES;
				CLANG_WARN_ENUM_CONVERSION = YES;
				CLANG_WARN_INFINITE_RECURSION = YES;
				CLANG_WARN_INT_CONVERSION = YES;
				CLANG_WARN_NON_LITERAL_NULL_CONVERSION = YES;
				CLANG_WARN_OBJC_IMPLICIT_RETAIN_SELF = YES;
				CLANG_WARN_OBJC_LITERAL_CONVERSION = YES;
				CLANG_WARN_OBJC_ROOT_CLASS = YES_ERROR;
				CLANG_WARN_QUOTED_INCLUDE_IN_FRAMEWORK_HEADER = YES;
				CLANG_WARN_RANGE_LOOP_ANALYSIS = YES;
				CLANG_WARN_STRICT_PROTOTYPES = YES;
				CLANG_WARN_SUSPICIOUS_MOVE = YES;
				CLANG_WARN_UNGUARDED_AVAILABILITY = YES_AGGRESSIVE;
				CLANG_WARN_UNREACHABLE_CODE = YES;
				CLANG_WARN__DUPLICATE_METHOD_MATCH = YES;
				COPY_PHASE_STRIP = NO;
				DEBUG_INFORMATION_FORMAT = "dwarf-with-dsym";
				ENABLE_NS_ASSERTIONS = NO;
				ENABLE_STRICT_OBJC_MSGSEND = YES;
				GCC_C_LANGUAGE_STANDARD = gnu11;
				GCC_NO_COMMON_BLOCKS = YES;
				GCC_WARN_64_TO_32_BIT_CONVERSION = YES;
				GCC_WARN_ABOUT_RETURN_TYPE = YES_ERROR;
				GCC_WARN_UNDECLARED_SELECTOR = YES;
				GCC_WARN_UNINITIALIZED_AUTOS = YES_AGGRESSIVE;
				GCC_WARN_UNUSED_FUNCTION = YES;
				GCC_WARN_UNUSED_VARIABLE = YES;
				IPHONEOS_DEPLOYMENT_TARGET = 15.2;
				MTL_ENABLE_DEBUG_INFO = NO;
				MTL_FAST_MATH = YES;
				SDKROOT = iphoneos;
				SWIFT_COMPILATION_MODE = wholemodule;
				SWIFT_OPTIMIZATION_LEVEL = "-O";
				VALIDATE_PRODUCT = YES;
			};
			name = Release;
		};
		B8052C9B27A2BFCF00585130 /* Debug */ = {
			isa = XCBuildConfiguration;
			buildSettings = {
				ASSETCATALOG_COMPILER_APPICON_NAME = AppIcon;
				ASSETCATALOG_COMPILER_GLOBAL_ACCENT_COLOR_NAME = AccentColor;
				CODE_SIGN_STYLE = Automatic;
				CURRENT_PROJECT_VERSION = 1;
				DEVELOPMENT_TEAM = 3SJ4Y68PW7;
				GENERATE_INFOPLIST_FILE = YES;
				INFOPLIST_FILE = ImageLoader_IS74/Info.plist;
				INFOPLIST_KEY_UIApplicationSupportsIndirectInputEvents = YES;
				INFOPLIST_KEY_UILaunchStoryboardName = LaunchScreen;
				INFOPLIST_KEY_UISupportedInterfaceOrientations_iPad = "UIInterfaceOrientationPortrait UIInterfaceOrientationPortraitUpsideDown UIInterfaceOrientationLandscapeLeft UIInterfaceOrientationLandscapeRight";
				INFOPLIST_KEY_UISupportedInterfaceOrientations_iPhone = "UIInterfaceOrientationPortrait UIInterfaceOrientationLandscapeLeft UIInterfaceOrientationLandscapeRight";
				LD_RUNPATH_SEARCH_PATHS = (
					"$(inherited)",
					"@executable_path/Frameworks",
				);
				MARKETING_VERSION = 1.0;
				PRODUCT_BUNDLE_IDENTIFIER = "slothCoder.Inc.ImageLoader-IS74";
				PRODUCT_NAME = "$(TARGET_NAME)";
				SWIFT_EMIT_LOC_STRINGS = YES;
				SWIFT_VERSION = 5.0;
				TARGETED_DEVICE_FAMILY = "1,2";
			};
			name = Debug;
		};
		B8052C9C27A2BFCF00585130 /* Release */ = {
			isa = XCBuildConfiguration;
			buildSettings = {
				ASSETCATALOG_COMPILER_APPICON_NAME = AppIcon;
				ASSETCATALOG_COMPILER_GLOBAL_ACCENT_COLOR_NAME = AccentColor;
				CODE_SIGN_STYLE = Automatic;
				CURRENT_PROJECT_VERSION = 1;
				DEVELOPMENT_TEAM = 3SJ4Y68PW7;
				GENERATE_INFOPLIST_FILE = YES;
				INFOPLIST_FILE = ImageLoader_IS74/Info.plist;
				INFOPLIST_KEY_UIApplicationSupportsIndirectInputEvents = YES;
				INFOPLIST_KEY_UILaunchStoryboardName = LaunchScreen;
				INFOPLIST_KEY_UISupportedInterfaceOrientations_iPad = "UIInterfaceOrientationPortrait UIInterfaceOrientationPortraitUpsideDown UIInterfaceOrientationLandscapeLeft UIInterfaceOrientationLandscapeRight";
				INFOPLIST_KEY_UISupportedInterfaceOrientations_iPhone = "UIInterfaceOrientationPortrait UIInterfaceOrientationLandscapeLeft UIInterfaceOrientationLandscapeRight";
				LD_RUNPATH_SEARCH_PATHS = (
					"$(inherited)",
					"@executable_path/Frameworks",
				);
				MARKETING_VERSION = 1.0;
				PRODUCT_BUNDLE_IDENTIFIER = "slothCoder.Inc.ImageLoader-IS74";
				PRODUCT_NAME = "$(TARGET_NAME)";
				SWIFT_EMIT_LOC_STRINGS = YES;
				SWIFT_VERSION = 5.0;
				TARGETED_DEVICE_FAMILY = "1,2";
			};
			name = Release;
		};
/* End XCBuildConfiguration section */

/* Begin XCConfigurationList section */
		B8052C8127A2BFCC00585130 /* Build configuration list for PBXProject "ImageLoader_IS74" */ = {
			isa = XCConfigurationList;
			buildConfigurations = (
				B8052C9827A2BFCF00585130 /* Debug */,
				B8052C9927A2BFCF00585130 /* Release */,
			);
			defaultConfigurationIsVisible = 0;
			defaultConfigurationName = Release;
		};
		B8052C9A27A2BFCF00585130 /* Build configuration list for PBXNativeTarget "ImageLoader_IS74" */ = {
			isa = XCConfigurationList;
			buildConfigurations = (
				B8052C9B27A2BFCF00585130 /* Debug */,
				B8052C9C27A2BFCF00585130 /* Release */,
			);
			defaultConfigurationIsVisible = 0;
			defaultConfigurationName = Release;
		};
/* End XCConfigurationList section */
	};
	rootObject = B8052C7E27A2BFCC00585130 /* Project object */;
}
